
Microsoft Visual Studio Solution File, Format Version 12.00
# Visual Studio Version 17
VisualStudioVersion = 17.13.35806.99 d17.13
MinimumVisualStudioVersion = 10.0.40219.1
Project("{FAE04EC0-301F-11D3-BF4B-00C04F79EFBC}") = "CaptainPayment", "CaptainPayment\CaptainPayment.csproj", "{4A0A6525-EC4F-427D-81FE-5C05CC44529A}"
EndProject
Global
	GlobalSection(SolutionConfigurationPlatforms) = preSolution
		Debug|Any CPU = Debug|Any CPU
		Release|Any CPU = Release|Any CPU
	EndGlobalSection
	GlobalSection(ProjectConfigurationPlatforms) = postSolution
		{4A0A6525-EC4F-427D-81FE-5C05CC44529A}.Debug|Any CPU.ActiveCfg = Debug|Any CPU
		{4A0A6525-EC4F-427D-81FE-5C05CC44529A}.Debug|Any CPU.Build.0 = Debug|Any CPU
		{4A0A6525-EC4F-427D-81FE-5C05CC44529A}.Release|Any CPU.ActiveCfg = Release|Any CPU
		{4A0A6525-EC4F-427D-81FE-5C05CC44529A}.Release|Any CPU.Build.0 = Release|Any CPU
	EndGlobalSection
	GlobalSection(SolutionProperties) = preSolution
		HideSolutionNode = FALSE
	EndGlobalSection
	GlobalSection(ExtensibilityGlobals) = postSolution
		SolutionGuid = {A1E9DF24-D13E-4E77-A212-AFBD1A3B7EC0}
	EndGlobalSection
EndGlobal
